# THIS IS AN AUTOGENERATED FILE. DO NOT EDIT THIS FILE DIRECTLY.
# yarn lockfile v1


"@tanstack/query-core@5.36.0":
  version "5.36.0"
  resolved "https://registry.yarnpkg.com/@tanstack/query-core/-/query-core-5.36.0.tgz#905bd05b6a73e58d70d95912d84e979ed865ab6a"
  integrity sha512-B5BD3pg/mztDR36i77hGcyySKKeYrbM5mnogOROTBi1SUml5ByRK7PGUUl16vvubvQC+mSnqziFG/VIy/DE3FQ==

"@tanstack/react-query@^5.36.0":
  version "5.36.0"
  resolved "https://registry.yarnpkg.com/@tanstack/react-query/-/react-query-5.36.0.tgz#680cb1490d8b823ec7185e1a97065241cda2ea67"
  integrity sha512-BATvtM0rohwg7pRHUnxgeDiwLWRGZ8OM/4y8LImHVpecQWoH6Uhytu3Z8YV6V7hQ1sMQBFcUrGE1/e4MxR6YiA==
  dependencies:
    "@tanstack/query-core" "5.36.0"
